
Microsoft Visual Studio Solution File, Format Version 12.00
Project("{FAE04EC0-301F-11D3-BF4B-00C04F79EFBC}") = "Zuplae.Aulas.Atv0012.ConsoleApp", "Zuplae.Aulas.Atv0012.ConsoleApp \Zuplae.Aulas.Atv0012.ConsoleApp.csproj", "{B8460CC5-9EA0-4A4E-9F7D-2A35A6F46E8F}"
EndProject
Project("{FAE04EC0-301F-11D3-BF4B-00C04F79EFBC}") = "Zuplae.Aulas.Atv0012.Models.", "Zuplae.Aulas.Atv0012.Models. \Zuplae.Aulas.Atv0012.Models..csproj", "{103F4B9D-309E-4B42-80C0-D40BC226B386}"
EndProject
Global
	GlobalSection(SolutionConfigurationPlatforms) = preSolution
		Debug|Any CPU = Debug|Any CPU
		Release|Any CPU = Release|Any CPU
	EndGlobalSection
	GlobalSection(ProjectConfigurationPlatforms) = postSolution
		{B8460CC5-9EA0-4A4E-9F7D-2A35A6F46E8F}.Debug|Any CPU.ActiveCfg = Debug|Any CPU
		{B8460CC5-9EA0-4A4E-9F7D-2A35A6F46E8F}.Debug|Any CPU.Build.0 = Debug|Any CPU
		{B8460CC5-9EA0-4A4E-9F7D-2A35A6F46E8F}.Release|Any CPU.ActiveCfg = Release|Any CPU
		{B8460CC5-9EA0-4A4E-9F7D-2A35A6F46E8F}.Release|Any CPU.Build.0 = Release|Any CPU
		{103F4B9D-309E-4B42-80C0-D40BC226B386}.Debug|Any CPU.ActiveCfg = Debug|Any CPU
		{103F4B9D-309E-4B42-80C0-D40BC226B386}.Debug|Any CPU.Build.0 = Debug|Any CPU
		{103F4B9D-309E-4B42-80C0-D40BC226B386}.Release|Any CPU.ActiveCfg = Release|Any CPU
		{103F4B9D-309E-4B42-80C0-D40BC226B386}.Release|Any CPU.Build.0 = Release|Any CPU
	EndGlobalSection
EndGlobal
